<?xml version="1.0" encoding="utf-8"?>
<Project ToolsVersion="4.0" xmlns="http://schemas.microsoft.com/developer/msbuild/2003">
  <ItemGroup>
    <Filter Include="include">
      <UniqueIdentifier>{a941a71f-2121-4d2f-87f9-58bcadbeb98b}</UniqueIdentifier>
    </Filter>
    <Filter Include="src">
      <UniqueIdentifier>{1c087ed8-3cca-4254-836f-10fb70fda154}</UniqueIdentifier>
    </Filter>
  </ItemGroup>
  <ItemGroup>
    <ClInclude Include="..\..\include\HLAPI\DataReceivedEvent.hpp">
      <Filter>include</Filter>
    </ClInclude>
    <ClInclude Include="..\..\include\HLAPI\DisconnectedEvent.hpp">
      <Filter>include</Filter>
    </ClInclude>
    <ClInclude Include="..\..\include\HLAPI\InternalTags.hpp">
      <Filter>include</Filter>
    </ClInclude>
    <ClInclude Include="..\..\include\HLAPI\MessageQueue.hpp">
      <Filter>include</Filter>
    </ClInclude>
    <ClInclude Include="..\..\include\HLAPI\NetworkHeader.hpp">
      <Filter>include</Filter>
    </ClInclude>
    <ClInclude Include="..\..\include\HLAPI\NetworkMessage.hpp">
      <Filter>include</Filter>
    </ClInclude>
    <ClInclude Include="..\..\include\HLAPI\NewConnectionEvent.hpp">
      <Filter>include</Filter>
    </ClInclude>
    <ClInclude Include="..\..\include\HLAPI\Server.hpp">
      <Filter>include</Filter>
    </ClInclude>
    <ClInclude Include="..\..\include\HLAPI\TcpConnection.hpp">
      <Filter>include</Filter>
    </ClInclude>
    <ClInclude Include="..\..\include\HLAPI\TcpConnectionHandler.hpp">
      <Filter>include</Filter>
    </ClInclude>
    <ClInclude Include="..\..\include\HLAPI\TcpServer.hpp">
      <Filter>include</Filter>
    </ClInclude>
    <ClInclude Include="..\..\include\HLAPI\ByteConverter.hpp">
      <Filter>include</Filter>
    </ClInclude>
  </ItemGroup>
  <ItemGroup>
    <ClCompile Include="..\..\src\HLAPI\main.cpp">
      <Filter>src</Filter>
    </ClCompile>
    <ClCompile Include="..\..\src\HLAPI\MessageQueue.cpp">
      <Filter>src</Filter>
    </ClCompile>
    <ClCompile Include="..\..\src\HLAPI\NetworkMessage.cpp">
      <Filter>src</Filter>
    </ClCompile>
    <ClCompile Include="..\..\src\HLAPI\Server.cpp">
      <Filter>src</Filter>
    </ClCompile>
    <ClCompile Include="..\..\src\HLAPI\TcpConnection.cpp">
      <Filter>src</Filter>
    </ClCompile>
    <ClCompile Include="..\..\src\HLAPI\TcpConnectionHandler.cpp">
      <Filter>src</Filter>
    </ClCompile>
    <ClCompile Include="..\..\src\HLAPI\TcpServer.cpp">
      <Filter>src</Filter>
    </ClCompile>
  </ItemGroup>
</Project>