
Microsoft Visual Studio Solution File, Format Version 12.00
# Visual Studio 14
VisualStudioVersion = 14.0.25123.0
MinimumVisualStudioVersion = 10.0.40219.1
Project("{8BC9CEB8-8B4A-11D0-8D11-00A0C91BC942}") = "VoidNetVS", "VoidNetVS\VoidNetVS.vcxproj", "{5172321E-CCB0-4A77-9F3D-FAAF0084F434}"
EndProject
Project("{8BC9CEB8-8B4A-11D0-8D11-00A0C91BC942}") = "Tests", "..\TestsVS\Tests\Tests.vcxproj", "{41663B22-3949-4570-9AB5-309363EAD56F}"
EndProject
Global
	GlobalSection(SolutionConfigurationPlatforms) = preSolution
		Debug|x64 = Debug|x64
		Debug|x86 = Debug|x86
		Release|x64 = Release|x64
		Release|x86 = Release|x86
	EndGlobalSection
	GlobalSection(ProjectConfigurationPlatforms) = postSolution
		{5172321E-CCB0-4A77-9F3D-FAAF0084F434}.Debug|x64.ActiveCfg = Debug|x64
		{5172321E-CCB0-4A77-9F3D-FAAF0084F434}.Debug|x64.Build.0 = Debug|x64
		{5172321E-CCB0-4A77-9F3D-FAAF0084F434}.Debug|x86.ActiveCfg = Debug|Win32
		{5172321E-CCB0-4A77-9F3D-FAAF0084F434}.Debug|x86.Build.0 = Debug|Win32
		{5172321E-CCB0-4A77-9F3D-FAAF0084F434}.Release|x64.ActiveCfg = Release|x64
		{5172321E-CCB0-4A77-9F3D-FAAF0084F434}.Release|x64.Build.0 = Release|x64
		{5172321E-CCB0-4A77-9F3D-FAAF0084F434}.Release|x86.ActiveCfg = Release|Win32
		{5172321E-CCB0-4A77-9F3D-FAAF0084F434}.Release|x86.Build.0 = Release|Win32
		{41663B22-3949-4570-9AB5-309363EAD56F}.Debug|x64.ActiveCfg = Debug|x64
		{41663B22-3949-4570-9AB5-309363EAD56F}.Debug|x64.Build.0 = Debug|x64
		{41663B22-3949-4570-9AB5-309363EAD56F}.Debug|x86.ActiveCfg = Debug|Win32
		{41663B22-3949-4570-9AB5-309363EAD56F}.Debug|x86.Build.0 = Debug|Win32
		{41663B22-3949-4570-9AB5-309363EAD56F}.Release|x64.ActiveCfg = Release|x64
		{41663B22-3949-4570-9AB5-309363EAD56F}.Release|x64.Build.0 = Release|x64
		{41663B22-3949-4570-9AB5-309363EAD56F}.Release|x86.ActiveCfg = Release|Win32
		{41663B22-3949-4570-9AB5-309363EAD56F}.Release|x86.Build.0 = Release|Win32
	EndGlobalSection
	GlobalSection(SolutionProperties) = preSolution
		HideSolutionNode = FALSE
	EndGlobalSection
EndGlobal
