<?xml version="1.0" encoding="utf-8"?>
<Project ToolsVersion="4.0" xmlns="http://schemas.microsoft.com/developer/msbuild/2003">
  <ItemGroup>
    <Filter Include="include">
      <UniqueIdentifier>{a0077c03-a272-4e35-99ef-6011b4489da3}</UniqueIdentifier>
    </Filter>
    <Filter Include="src">
      <UniqueIdentifier>{4c99f44e-3ff9-4d5c-a3a1-27d1f02b0b7f}</UniqueIdentifier>
    </Filter>
  </ItemGroup>
  <ItemGroup>
    <ClInclude Include="..\..\include\Init.hpp">
      <Filter>include</Filter>
    </ClInclude>
    <ClInclude Include="..\..\include\Defs.hpp">
      <Filter>include</Filter>
    </ClInclude>
    <ClInclude Include="..\..\include\TcpClient.hpp">
      <Filter>include</Filter>
    </ClInclude>
    <ClInclude Include="..\..\include\Utility.hpp">
      <Filter>include</Filter>
    </ClInclude>
    <ClInclude Include="..\..\include\Config.hpp">
      <Filter>include</Filter>
    </ClInclude>
    <ClInclude Include="..\..\include\NetworkMessage.hpp">
      <Filter>include</Filter>
    </ClInclude>
    <ClInclude Include="..\..\include\VoidNetClient.hpp">
      <Filter>include</Filter>
    </ClInclude>
    <ClInclude Include="..\..\include\VoidNetServer.hpp">
      <Filter>include</Filter>
    </ClInclude>
    <ClInclude Include="..\..\include\NetworkBuffer.hpp">
      <Filter>include</Filter>
    </ClInclude>
    <ClInclude Include="..\..\include\Serializer.hpp">
      <Filter>include</Filter>
    </ClInclude>
    <ClInclude Include="..\..\include\Callbacks.hpp">
      <Filter>include</Filter>
    </ClInclude>
    <ClInclude Include="..\..\src\Tags.hpp">
      <Filter>include</Filter>
    </ClInclude>
    <ClInclude Include="..\..\include\ThreadPool.hpp">
      <Filter>include</Filter>
    </ClInclude>
  </ItemGroup>
  <ItemGroup>
    <ClCompile Include="..\..\src\Init.cpp">
      <Filter>src</Filter>
    </ClCompile>
    <ClCompile Include="..\..\src\InitWindows.cpp">
      <Filter>src</Filter>
    </ClCompile>
    <ClCompile Include="..\..\src\TcpClient.cpp">
      <Filter>src</Filter>
    </ClCompile>
    <ClCompile Include="..\..\src\TcpClientWindows.cpp">
      <Filter>src</Filter>
    </ClCompile>
    <ClCompile Include="..\..\src\Utility.cpp">
      <Filter>src</Filter>
    </ClCompile>
    <ClCompile Include="..\..\src\Config.cpp">
      <Filter>src</Filter>
    </ClCompile>
    <ClCompile Include="..\..\src\NetworkBuffer.cpp">
      <Filter>src</Filter>
    </ClCompile>
    <ClCompile Include="..\..\src\Serializer.cpp">
      <Filter>src</Filter>
    </ClCompile>
    <ClCompile Include="..\..\src\NetworkMessage.cpp">
      <Filter>src</Filter>
    </ClCompile>
    <ClCompile Include="..\..\src\VoidNetClient.cpp">
      <Filter>src</Filter>
    </ClCompile>
    <ClCompile Include="..\..\src\ThreadPool.cpp">
      <Filter>src</Filter>
    </ClCompile>
  </ItemGroup>
  <ItemGroup>
    <Text Include="..\..\TODO" />
    <Text Include="..\..\DEV_INFO" />
  </ItemGroup>
</Project>