<?xml version="1.0" encoding="utf-8"?>
<Project ToolsVersion="4.0" xmlns="http://schemas.microsoft.com/developer/msbuild/2003">
  <ItemGroup>
    <Filter Include="include">
      <UniqueIdentifier>{a0077c03-a272-4e35-99ef-6011b4489da3}</UniqueIdentifier>
    </Filter>
    <Filter Include="src">
      <UniqueIdentifier>{4c99f44e-3ff9-4d5c-a3a1-27d1f02b0b7f}</UniqueIdentifier>
    </Filter>
    <Filter Include="include\Http">
      <UniqueIdentifier>{b40bea23-e721-4605-9fb2-1a893c226525}</UniqueIdentifier>
    </Filter>
    <Filter Include="src\Http">
      <UniqueIdentifier>{d78dfc6c-3983-4cd8-9cb1-d101a0162e77}</UniqueIdentifier>
    </Filter>
  </ItemGroup>
  <ItemGroup>
    <Text Include="..\..\TODO" />
    <Text Include="..\..\DEV_INFO" />
  </ItemGroup>
  <ItemGroup>
    <ClInclude Include="..\..\include\VoidNet\Cookies.hpp">
      <Filter>include\Http</Filter>
    </ClInclude>
    <ClInclude Include="..\..\include\VoidNet\Headers.hpp">
      <Filter>include\Http</Filter>
    </ClInclude>
    <ClInclude Include="..\..\include\VoidNet\Parse.hpp">
      <Filter>include\Http</Filter>
    </ClInclude>
    <ClInclude Include="..\..\include\VoidNet\Request.hpp">
      <Filter>include\Http</Filter>
    </ClInclude>
    <ClInclude Include="..\..\include\VoidNet\Response.hpp">
      <Filter>include\Http</Filter>
    </ClInclude>
    <ClInclude Include="..\..\include\VoidNet\Uri.hpp">
      <Filter>include\Http</Filter>
    </ClInclude>
    <ClInclude Include="..\..\include\VoidNet\Enums.hpp">
      <Filter>include</Filter>
    </ClInclude>
    <ClInclude Include="..\..\include\VoidNet\Init.hpp">
      <Filter>include</Filter>
    </ClInclude>
    <ClInclude Include="..\..\include\VoidNet\IPAddress.hpp">
      <Filter>include</Filter>
    </ClInclude>
    <ClInclude Include="..\..\include\VoidNet\ISocket.hpp">
      <Filter>include</Filter>
    </ClInclude>
    <ClInclude Include="..\..\include\VoidNet\Net.hpp">
      <Filter>include</Filter>
    </ClInclude>
    <ClInclude Include="..\..\include\VoidNet\SecureSocket.hpp">
      <Filter>include</Filter>
    </ClInclude>
    <ClInclude Include="..\..\include\VoidNet\Socket.hpp">
      <Filter>include</Filter>
    </ClInclude>
    <ClInclude Include="..\..\include\VoidNet\TcpClient.hpp">
      <Filter>include</Filter>
    </ClInclude>
    <ClInclude Include="..\..\include\VoidNet\TcpListener.hpp">
      <Filter>include</Filter>
    </ClInclude>
    <ClInclude Include="..\..\include\VoidNet\TcpSocketBuilder.hpp">
      <Filter>include</Filter>
    </ClInclude>
    <ClInclude Include="..\..\include\VoidNet\UdpSocket.hpp">
      <Filter>include</Filter>
    </ClInclude>
    <ClInclude Include="..\..\include\VoidNet\UdpSocketBuilder.hpp">
      <Filter>include</Filter>
    </ClInclude>
    <ClInclude Include="..\..\include\VoidNet\Util.hpp">
      <Filter>include</Filter>
    </ClInclude>
    <ClInclude Include="..\..\include\VoidNet\Http.hpp">
      <Filter>include\Http</Filter>
    </ClInclude>
  </ItemGroup>
  <ItemGroup>
    <ClCompile Include="..\..\src\VoidNet\Cookies.cpp">
      <Filter>src\Http</Filter>
    </ClCompile>
    <ClCompile Include="..\..\src\VoidNet\Headers.cpp">
      <Filter>src\Http</Filter>
    </ClCompile>
    <ClCompile Include="..\..\src\VoidNet\Http.cpp">
      <Filter>src\Http</Filter>
    </ClCompile>
    <ClCompile Include="..\..\src\VoidNet\Request.cpp">
      <Filter>src\Http</Filter>
    </ClCompile>
    <ClCompile Include="..\..\src\VoidNet\Response.cpp">
      <Filter>src\Http</Filter>
    </ClCompile>
    <ClCompile Include="..\..\src\VoidNet\Uri.cpp">
      <Filter>src\Http</Filter>
    </ClCompile>
    <ClCompile Include="..\..\src\VoidNet\IPAddress.cpp">
      <Filter>src</Filter>
    </ClCompile>
    <ClCompile Include="..\..\src\VoidNet\SecureSocket.cpp">
      <Filter>src</Filter>
    </ClCompile>
    <ClCompile Include="..\..\src\VoidNet\Socket.cpp">
      <Filter>src</Filter>
    </ClCompile>
    <ClCompile Include="..\..\src\VoidNet\TcpClient.cpp">
      <Filter>src</Filter>
    </ClCompile>
    <ClCompile Include="..\..\src\VoidNet\TcpListener.cpp">
      <Filter>src</Filter>
    </ClCompile>
    <ClCompile Include="..\..\src\VoidNet\TcpSocketBuilder.cpp">
      <Filter>src</Filter>
    </ClCompile>
    <ClCompile Include="..\..\src\VoidNet\UdpSocket.cpp">
      <Filter>src</Filter>
    </ClCompile>
    <ClCompile Include="..\..\src\VoidNet\Util.cpp">
      <Filter>src</Filter>
    </ClCompile>
  </ItemGroup>
</Project>