<?xml version="1.0" encoding="utf-8"?>
<Project ToolsVersion="4.0" xmlns="http://schemas.microsoft.com/developer/msbuild/2003">
  <ItemGroup>
    <Filter Include="include">
      <UniqueIdentifier>{a0077c03-a272-4e35-99ef-6011b4489da3}</UniqueIdentifier>
    </Filter>
    <Filter Include="src">
      <UniqueIdentifier>{4c99f44e-3ff9-4d5c-a3a1-27d1f02b0b7f}</UniqueIdentifier>
    </Filter>
    <Filter Include="include\Http">
      <UniqueIdentifier>{b40bea23-e721-4605-9fb2-1a893c226525}</UniqueIdentifier>
    </Filter>
    <Filter Include="src\Http">
      <UniqueIdentifier>{d78dfc6c-3983-4cd8-9cb1-d101a0162e77}</UniqueIdentifier>
    </Filter>
  </ItemGroup>
  <ItemGroup>
    <Text Include="..\..\TODO" />
    <Text Include="..\..\DEV_INFO" />
  </ItemGroup>
  <ItemGroup>
    <ClInclude Include="..\..\include\Enums.hpp">
      <Filter>include</Filter>
    </ClInclude>
    <ClInclude Include="..\..\include\Init.hpp">
      <Filter>include</Filter>
    </ClInclude>
    <ClInclude Include="..\..\include\IPAddress.hpp">
      <Filter>include</Filter>
    </ClInclude>
    <ClInclude Include="..\..\include\ISocket.hpp">
      <Filter>include</Filter>
    </ClInclude>
    <ClInclude Include="..\..\include\Net.hpp">
      <Filter>include</Filter>
    </ClInclude>
    <ClInclude Include="..\..\include\SecureSocket.hpp">
      <Filter>include</Filter>
    </ClInclude>
    <ClInclude Include="..\..\include\Socket.hpp">
      <Filter>include</Filter>
    </ClInclude>
    <ClInclude Include="..\..\include\TcpClient.hpp">
      <Filter>include</Filter>
    </ClInclude>
    <ClInclude Include="..\..\include\TcpListener.hpp">
      <Filter>include</Filter>
    </ClInclude>
    <ClInclude Include="..\..\include\TcpSocketBuilder.hpp">
      <Filter>include</Filter>
    </ClInclude>
    <ClInclude Include="..\..\include\UdpSocket.hpp">
      <Filter>include</Filter>
    </ClInclude>
    <ClInclude Include="..\..\include\UdpSocketBuilder.hpp">
      <Filter>include</Filter>
    </ClInclude>
    <ClInclude Include="..\..\include\Util.hpp">
      <Filter>include</Filter>
    </ClInclude>
    <ClInclude Include="..\..\include\Cookies.hpp">
      <Filter>include\Http</Filter>
    </ClInclude>
    <ClInclude Include="..\..\include\Headers.hpp">
      <Filter>include\Http</Filter>
    </ClInclude>
    <ClInclude Include="..\..\include\Http.hpp">
      <Filter>include\Http</Filter>
    </ClInclude>
    <ClInclude Include="..\..\include\Request.hpp">
      <Filter>include\Http</Filter>
    </ClInclude>
    <ClInclude Include="..\..\include\Response.hpp">
      <Filter>include\Http</Filter>
    </ClInclude>
    <ClInclude Include="..\..\include\Parse.hpp">
      <Filter>include\Http</Filter>
    </ClInclude>
    <ClInclude Include="..\..\include\Uri.hpp">
      <Filter>include\Http</Filter>
    </ClInclude>
  </ItemGroup>
  <ItemGroup>
    <ClCompile Include="..\..\src\IPAddress.cpp">
      <Filter>src</Filter>
    </ClCompile>
    <ClCompile Include="..\..\src\SecureSocket.cpp">
      <Filter>src</Filter>
    </ClCompile>
    <ClCompile Include="..\..\src\Socket.cpp">
      <Filter>src</Filter>
    </ClCompile>
    <ClCompile Include="..\..\src\TcpClient.cpp">
      <Filter>src</Filter>
    </ClCompile>
    <ClCompile Include="..\..\src\TcpListener.cpp">
      <Filter>src</Filter>
    </ClCompile>
    <ClCompile Include="..\..\src\TcpSocketBuilder.cpp">
      <Filter>src</Filter>
    </ClCompile>
    <ClCompile Include="..\..\src\UdpSocket.cpp">
      <Filter>src</Filter>
    </ClCompile>
    <ClCompile Include="..\..\src\Cookies.cpp">
      <Filter>src\Http</Filter>
    </ClCompile>
    <ClCompile Include="..\..\src\Headers.cpp">
      <Filter>src\Http</Filter>
    </ClCompile>
    <ClCompile Include="..\..\src\Http.cpp">
      <Filter>src\Http</Filter>
    </ClCompile>
    <ClCompile Include="..\..\src\Request.cpp">
      <Filter>src\Http</Filter>
    </ClCompile>
    <ClCompile Include="..\..\src\Response.cpp">
      <Filter>src\Http</Filter>
    </ClCompile>
    <ClCompile Include="..\..\src\Uri.cpp">
      <Filter>src\Http</Filter>
    </ClCompile>
  </ItemGroup>
</Project>